
Microsoft Visual Studio Solution File, Format Version 12.00
# Visual Studio Version 16
VisualStudioVersion = 16.0.30907.101
MinimumVisualStudioVersion = 10.0.40219.1
Project("{FAE04EC0-301F-11D3-BF4B-00C04F79EFBC}") = "credito-automotriz", "credito-automotriz.csproj", "{25FD20FB-6101-455F-A932-C9EB0B5041CA}"
EndProject
Global
	GlobalSection(SolutionConfigurationPlatforms) = preSolution
		Debug|Any CPU = Debug|Any CPU
		Release|Any CPU = Release|Any CPU
	EndGlobalSection
	GlobalSection(ProjectConfigurationPlatforms) = postSolution
		{25FD20FB-6101-455F-A932-C9EB0B5041CA}.Debug|Any CPU.ActiveCfg = Debug|Any CPU
		{25FD20FB-6101-455F-A932-C9EB0B5041CA}.Debug|Any CPU.Build.0 = Debug|Any CPU
		{25FD20FB-6101-455F-A932-C9EB0B5041CA}.Release|Any CPU.ActiveCfg = Release|Any CPU
		{25FD20FB-6101-455F-A932-C9EB0B5041CA}.Release|Any CPU.Build.0 = Release|Any CPU
	EndGlobalSection
	GlobalSection(SolutionProperties) = preSolution
		HideSolutionNode = FALSE
	EndGlobalSection
	GlobalSection(ExtensibilityGlobals) = postSolution
		SolutionGuid = {8A809F73-315A-4F7B-867D-E50639D391E0}
	EndGlobalSection
EndGlobal
